
Microsoft Visual Studio Solution File, Format Version 12.00
# Visual Studio Version 16
VisualStudioVersion = 16.0.29728.190
MinimumVisualStudioVersion = 10.0.40219.1
Project("{2150E333-8FDC-42A3-9474-1A3956D46DE8}") = "Microservices", "Microservices", "{408DC50C-5909-463A-A37D-B40A74002ED6}"
EndProject
Project("{2150E333-8FDC-42A3-9474-1A3956D46DE8}") = "Domain", "Domain", "{493A15DE-0442-4016-B05E-26C16BE0EE5C}"
EndProject
Project("{2150E333-8FDC-42A3-9474-1A3956D46DE8}") = "Infra.Bus", "Infra.Bus", "{EB4E73E9-45FE-4765-A1C4-DF66AFF4F12F}"
EndProject
Project("{2150E333-8FDC-42A3-9474-1A3956D46DE8}") = "Infra.Ioc", "Infra.Ioc", "{3B41D9C9-6968-430C-BCEE-77FD55D8B73C}"
EndProject
Project("{2150E333-8FDC-42A3-9474-1A3956D46DE8}") = "Client", "Client", "{E5321DD8-E736-4B9D-8A45-1F53B56A5B53}"
EndProject
Project("{FAE04EC0-301F-11D3-BF4B-00C04F79EFBC}") = "MicroRabbit.Domain.Core", "MicroRabbit.Domain.Core\MicroRabbit.Domain.Core.csproj", "{D3241183-36E2-4F29-B1EA-E1E967E5CDAF}"
EndProject
Project("{FAE04EC0-301F-11D3-BF4B-00C04F79EFBC}") = "MicroRabbit.Infra.Bus", "MicroRabbit.Infra.Bus\MicroRabbit.Infra.Bus.csproj", "{E591B2C3-5933-481B-BC36-08FA75D1C0E4}"
EndProject
Global
	GlobalSection(SolutionConfigurationPlatforms) = preSolution
		Debug|Any CPU = Debug|Any CPU
		Release|Any CPU = Release|Any CPU
	EndGlobalSection
	GlobalSection(ProjectConfigurationPlatforms) = postSolution
		{D3241183-36E2-4F29-B1EA-E1E967E5CDAF}.Debug|Any CPU.ActiveCfg = Debug|Any CPU
		{D3241183-36E2-4F29-B1EA-E1E967E5CDAF}.Debug|Any CPU.Build.0 = Debug|Any CPU
		{D3241183-36E2-4F29-B1EA-E1E967E5CDAF}.Release|Any CPU.ActiveCfg = Release|Any CPU
		{D3241183-36E2-4F29-B1EA-E1E967E5CDAF}.Release|Any CPU.Build.0 = Release|Any CPU
		{E591B2C3-5933-481B-BC36-08FA75D1C0E4}.Debug|Any CPU.ActiveCfg = Debug|Any CPU
		{E591B2C3-5933-481B-BC36-08FA75D1C0E4}.Debug|Any CPU.Build.0 = Debug|Any CPU
		{E591B2C3-5933-481B-BC36-08FA75D1C0E4}.Release|Any CPU.ActiveCfg = Release|Any CPU
		{E591B2C3-5933-481B-BC36-08FA75D1C0E4}.Release|Any CPU.Build.0 = Release|Any CPU
	EndGlobalSection
	GlobalSection(SolutionProperties) = preSolution
		HideSolutionNode = FALSE
	EndGlobalSection
	GlobalSection(NestedProjects) = preSolution
		{D3241183-36E2-4F29-B1EA-E1E967E5CDAF} = {493A15DE-0442-4016-B05E-26C16BE0EE5C}
		{E591B2C3-5933-481B-BC36-08FA75D1C0E4} = {EB4E73E9-45FE-4765-A1C4-DF66AFF4F12F}
	EndGlobalSection
	GlobalSection(ExtensibilityGlobals) = postSolution
		SolutionGuid = {7219934B-69ED-4F10-AF11-2D84B1A97DA0}
	EndGlobalSection
EndGlobal
