
Microsoft Visual Studio Solution File, Format Version 12.00
# Visual Studio Version 16
VisualStudioVersion = 16.0.29728.190
MinimumVisualStudioVersion = 10.0.40219.1
Project("{2150E333-8FDC-42A3-9474-1A3956D46DE8}") = "Microservices", "Microservices", "{408DC50C-5909-463A-A37D-B40A74002ED6}"
EndProject
Project("{2150E333-8FDC-42A3-9474-1A3956D46DE8}") = "Domain", "Domain", "{493A15DE-0442-4016-B05E-26C16BE0EE5C}"
EndProject
Project("{2150E333-8FDC-42A3-9474-1A3956D46DE8}") = "Infra.Bus", "Infra.Bus", "{EB4E73E9-45FE-4765-A1C4-DF66AFF4F12F}"
EndProject
Project("{2150E333-8FDC-42A3-9474-1A3956D46DE8}") = "Infra.Ioc", "Infra.Ioc", "{3B41D9C9-6968-430C-BCEE-77FD55D8B73C}"
EndProject
Project("{2150E333-8FDC-42A3-9474-1A3956D46DE8}") = "Client", "Client", "{E5321DD8-E736-4B9D-8A45-1F53B56A5B53}"
EndProject
Project("{9A19103F-16F7-4668-BE54-9A1E7A4F7556}") = "MicroRabbit.Domain.Core", "MicroRabbit.Domain.Core\MicroRabbit.Domain.Core.csproj", "{D3241183-36E2-4F29-B1EA-E1E967E5CDAF}"
EndProject
Project("{9A19103F-16F7-4668-BE54-9A1E7A4F7556}") = "MicroRabbit.Infra.Bus", "MicroRabbit.Infra.Bus\MicroRabbit.Infra.Bus.csproj", "{E591B2C3-5933-481B-BC36-08FA75D1C0E4}"
EndProject
Project("{9A19103F-16F7-4668-BE54-9A1E7A4F7556}") = "MicroRabbit.Infra.IoC", "MicroRabbit.Infra.IoC\MicroRabbit.Infra.IoC.csproj", "{4DDA686B-3262-4201-A67B-94CBE2BC4445}"
EndProject
Project("{2150E333-8FDC-42A3-9474-1A3956D46DE8}") = "Api", "Api", "{5B5626E9-E535-41D3-BA8C-F12BC282F9CA}"
EndProject
Project("{2150E333-8FDC-42A3-9474-1A3956D46DE8}") = "Application", "Application", "{F1F650E3-A7C4-465C-B9B3-974E575C93C6}"
EndProject
Project("{2150E333-8FDC-42A3-9474-1A3956D46DE8}") = "Domain", "Domain", "{60A3AE78-9A0E-4D6C-BDA3-D8CF692FE065}"
EndProject
Project("{2150E333-8FDC-42A3-9474-1A3956D46DE8}") = "Data", "Data", "{B816E97D-55F0-42AA-B642-73D3F123AB63}"
EndProject
Project("{2150E333-8FDC-42A3-9474-1A3956D46DE8}") = "Banking", "Banking", "{CD5F9FDA-FA9B-4606-9D5B-3535D52B2AEE}"
EndProject
Project("{9A19103F-16F7-4668-BE54-9A1E7A4F7556}") = "MicroRabbit.Banking.Api", "MicroRabbit.Banking.Api\MicroRabbit.Banking.Api.csproj", "{EA9E3BE5-DF2C-4624-A086-100DD08021D0}"
EndProject
Project("{9A19103F-16F7-4668-BE54-9A1E7A4F7556}") = "MicroRabbit.Banking.Application", "MicroRabbit.Banking.Application\MicroRabbit.Banking.Application.csproj", "{2679AA69-DEE3-4C7D-B131-DB81CE0A5C65}"
EndProject
Project("{9A19103F-16F7-4668-BE54-9A1E7A4F7556}") = "MicroRabbit.Banking.Data", "MicroRabbit.Banking.Data\MicroRabbit.Banking.Data.csproj", "{6F3FC11C-DA6D-428A-AF48-22D4D69066AF}"
EndProject
Project("{9A19103F-16F7-4668-BE54-9A1E7A4F7556}") = "MicroRabbit.Banking.Domain", "MicroRabbit.Banking.Domain\MicroRabbit.Banking.Domain.csproj", "{AB63621B-777E-4A3B-BA13-482F0A4BEC60}"
EndProject
Project("{2150E333-8FDC-42A3-9474-1A3956D46DE8}") = "Transfer", "Transfer", "{D3B14DAC-469C-41E0-91EF-0034E64FA100}"
EndProject
Project("{2150E333-8FDC-42A3-9474-1A3956D46DE8}") = "Api", "Api", "{63229BFE-CFA2-472D-A835-1E21D186604C}"
EndProject
Project("{2150E333-8FDC-42A3-9474-1A3956D46DE8}") = "Application", "Application", "{B5148977-90C8-44CB-8D6B-762827F1BD09}"
EndProject
Project("{2150E333-8FDC-42A3-9474-1A3956D46DE8}") = "Data", "Data", "{4759BD04-9A40-4AC9-B220-47B06BEFAC7A}"
EndProject
Project("{2150E333-8FDC-42A3-9474-1A3956D46DE8}") = "Domain", "Domain", "{8C14FC30-33F9-40CF-A40C-A26123E4ECF7}"
EndProject
Project("{9A19103F-16F7-4668-BE54-9A1E7A4F7556}") = "MicroRabbit.Transfer.Api", "MicroRabbit.Transfer.Api\MicroRabbit.Transfer.Api.csproj", "{A205DD43-41CC-42E4-B1A0-93978DABB85C}"
EndProject
Project("{9A19103F-16F7-4668-BE54-9A1E7A4F7556}") = "MicroRabbit.Transfer.Application", "MicroRabbit.Transfer.Application\MicroRabbit.Transfer.Application.csproj", "{B03B130C-3E6B-43C2-B8C5-867FB0E3BE79}"
EndProject
Project("{9A19103F-16F7-4668-BE54-9A1E7A4F7556}") = "MicroRabbit.Transfer.Data", "MicroRabbit.Transfer.Data\MicroRabbit.Transfer.Data.csproj", "{24EB3A24-79FA-40E0-B3FC-97B2689B3B8D}"
EndProject
Project("{9A19103F-16F7-4668-BE54-9A1E7A4F7556}") = "MicroRabbit.Transfer.Domain", "MicroRabbit.Transfer.Domain\MicroRabbit.Transfer.Domain.csproj", "{3733159D-E34F-4DFA-8EF6-0BE2EE34099D}"
EndProject
Project("{FAE04EC0-301F-11D3-BF4B-00C04F79EFBC}") = "MicroRabbit.UI", "MicroRabbit.UI\MicroRabbit.UI.csproj", "{D5A0F673-4734-4D63-B16B-CAB0E5204877}"
EndProject
Global
	GlobalSection(SolutionConfigurationPlatforms) = preSolution
		Debug|Any CPU = Debug|Any CPU
		Release|Any CPU = Release|Any CPU
	EndGlobalSection
	GlobalSection(ProjectConfigurationPlatforms) = postSolution
		{D3241183-36E2-4F29-B1EA-E1E967E5CDAF}.Debug|Any CPU.ActiveCfg = Debug|Any CPU
		{D3241183-36E2-4F29-B1EA-E1E967E5CDAF}.Debug|Any CPU.Build.0 = Debug|Any CPU
		{D3241183-36E2-4F29-B1EA-E1E967E5CDAF}.Release|Any CPU.ActiveCfg = Release|Any CPU
		{D3241183-36E2-4F29-B1EA-E1E967E5CDAF}.Release|Any CPU.Build.0 = Release|Any CPU
		{E591B2C3-5933-481B-BC36-08FA75D1C0E4}.Debug|Any CPU.ActiveCfg = Debug|Any CPU
		{E591B2C3-5933-481B-BC36-08FA75D1C0E4}.Debug|Any CPU.Build.0 = Debug|Any CPU
		{E591B2C3-5933-481B-BC36-08FA75D1C0E4}.Release|Any CPU.ActiveCfg = Release|Any CPU
		{E591B2C3-5933-481B-BC36-08FA75D1C0E4}.Release|Any CPU.Build.0 = Release|Any CPU
		{4DDA686B-3262-4201-A67B-94CBE2BC4445}.Debug|Any CPU.ActiveCfg = Debug|Any CPU
		{4DDA686B-3262-4201-A67B-94CBE2BC4445}.Debug|Any CPU.Build.0 = Debug|Any CPU
		{4DDA686B-3262-4201-A67B-94CBE2BC4445}.Release|Any CPU.ActiveCfg = Release|Any CPU
		{4DDA686B-3262-4201-A67B-94CBE2BC4445}.Release|Any CPU.Build.0 = Release|Any CPU
		{EA9E3BE5-DF2C-4624-A086-100DD08021D0}.Debug|Any CPU.ActiveCfg = Debug|Any CPU
		{EA9E3BE5-DF2C-4624-A086-100DD08021D0}.Debug|Any CPU.Build.0 = Debug|Any CPU
		{EA9E3BE5-DF2C-4624-A086-100DD08021D0}.Release|Any CPU.ActiveCfg = Release|Any CPU
		{EA9E3BE5-DF2C-4624-A086-100DD08021D0}.Release|Any CPU.Build.0 = Release|Any CPU
		{2679AA69-DEE3-4C7D-B131-DB81CE0A5C65}.Debug|Any CPU.ActiveCfg = Debug|Any CPU
		{2679AA69-DEE3-4C7D-B131-DB81CE0A5C65}.Debug|Any CPU.Build.0 = Debug|Any CPU
		{2679AA69-DEE3-4C7D-B131-DB81CE0A5C65}.Release|Any CPU.ActiveCfg = Release|Any CPU
		{2679AA69-DEE3-4C7D-B131-DB81CE0A5C65}.Release|Any CPU.Build.0 = Release|Any CPU
		{6F3FC11C-DA6D-428A-AF48-22D4D69066AF}.Debug|Any CPU.ActiveCfg = Debug|Any CPU
		{6F3FC11C-DA6D-428A-AF48-22D4D69066AF}.Debug|Any CPU.Build.0 = Debug|Any CPU
		{6F3FC11C-DA6D-428A-AF48-22D4D69066AF}.Release|Any CPU.ActiveCfg = Release|Any CPU
		{6F3FC11C-DA6D-428A-AF48-22D4D69066AF}.Release|Any CPU.Build.0 = Release|Any CPU
		{AB63621B-777E-4A3B-BA13-482F0A4BEC60}.Debug|Any CPU.ActiveCfg = Debug|Any CPU
		{AB63621B-777E-4A3B-BA13-482F0A4BEC60}.Debug|Any CPU.Build.0 = Debug|Any CPU
		{AB63621B-777E-4A3B-BA13-482F0A4BEC60}.Release|Any CPU.ActiveCfg = Release|Any CPU
		{AB63621B-777E-4A3B-BA13-482F0A4BEC60}.Release|Any CPU.Build.0 = Release|Any CPU
		{A205DD43-41CC-42E4-B1A0-93978DABB85C}.Debug|Any CPU.ActiveCfg = Debug|Any CPU
		{A205DD43-41CC-42E4-B1A0-93978DABB85C}.Debug|Any CPU.Build.0 = Debug|Any CPU
		{A205DD43-41CC-42E4-B1A0-93978DABB85C}.Release|Any CPU.ActiveCfg = Release|Any CPU
		{A205DD43-41CC-42E4-B1A0-93978DABB85C}.Release|Any CPU.Build.0 = Release|Any CPU
		{B03B130C-3E6B-43C2-B8C5-867FB0E3BE79}.Debug|Any CPU.ActiveCfg = Debug|Any CPU
		{B03B130C-3E6B-43C2-B8C5-867FB0E3BE79}.Debug|Any CPU.Build.0 = Debug|Any CPU
		{B03B130C-3E6B-43C2-B8C5-867FB0E3BE79}.Release|Any CPU.ActiveCfg = Release|Any CPU
		{B03B130C-3E6B-43C2-B8C5-867FB0E3BE79}.Release|Any CPU.Build.0 = Release|Any CPU
		{24EB3A24-79FA-40E0-B3FC-97B2689B3B8D}.Debug|Any CPU.ActiveCfg = Debug|Any CPU
		{24EB3A24-79FA-40E0-B3FC-97B2689B3B8D}.Debug|Any CPU.Build.0 = Debug|Any CPU
		{24EB3A24-79FA-40E0-B3FC-97B2689B3B8D}.Release|Any CPU.ActiveCfg = Release|Any CPU
		{24EB3A24-79FA-40E0-B3FC-97B2689B3B8D}.Release|Any CPU.Build.0 = Release|Any CPU
		{3733159D-E34F-4DFA-8EF6-0BE2EE34099D}.Debug|Any CPU.ActiveCfg = Debug|Any CPU
		{3733159D-E34F-4DFA-8EF6-0BE2EE34099D}.Debug|Any CPU.Build.0 = Debug|Any CPU
		{3733159D-E34F-4DFA-8EF6-0BE2EE34099D}.Release|Any CPU.ActiveCfg = Release|Any CPU
		{3733159D-E34F-4DFA-8EF6-0BE2EE34099D}.Release|Any CPU.Build.0 = Release|Any CPU
		{D5A0F673-4734-4D63-B16B-CAB0E5204877}.Debug|Any CPU.ActiveCfg = Debug|Any CPU
		{D5A0F673-4734-4D63-B16B-CAB0E5204877}.Debug|Any CPU.Build.0 = Debug|Any CPU
		{D5A0F673-4734-4D63-B16B-CAB0E5204877}.Release|Any CPU.ActiveCfg = Release|Any CPU
		{D5A0F673-4734-4D63-B16B-CAB0E5204877}.Release|Any CPU.Build.0 = Release|Any CPU
	EndGlobalSection
	GlobalSection(SolutionProperties) = preSolution
		HideSolutionNode = FALSE
	EndGlobalSection
	GlobalSection(NestedProjects) = preSolution
		{D3241183-36E2-4F29-B1EA-E1E967E5CDAF} = {493A15DE-0442-4016-B05E-26C16BE0EE5C}
		{E591B2C3-5933-481B-BC36-08FA75D1C0E4} = {EB4E73E9-45FE-4765-A1C4-DF66AFF4F12F}
		{4DDA686B-3262-4201-A67B-94CBE2BC4445} = {3B41D9C9-6968-430C-BCEE-77FD55D8B73C}
		{5B5626E9-E535-41D3-BA8C-F12BC282F9CA} = {CD5F9FDA-FA9B-4606-9D5B-3535D52B2AEE}
		{F1F650E3-A7C4-465C-B9B3-974E575C93C6} = {CD5F9FDA-FA9B-4606-9D5B-3535D52B2AEE}
		{60A3AE78-9A0E-4D6C-BDA3-D8CF692FE065} = {CD5F9FDA-FA9B-4606-9D5B-3535D52B2AEE}
		{B816E97D-55F0-42AA-B642-73D3F123AB63} = {CD5F9FDA-FA9B-4606-9D5B-3535D52B2AEE}
		{CD5F9FDA-FA9B-4606-9D5B-3535D52B2AEE} = {408DC50C-5909-463A-A37D-B40A74002ED6}
		{EA9E3BE5-DF2C-4624-A086-100DD08021D0} = {5B5626E9-E535-41D3-BA8C-F12BC282F9CA}
		{2679AA69-DEE3-4C7D-B131-DB81CE0A5C65} = {F1F650E3-A7C4-465C-B9B3-974E575C93C6}
		{6F3FC11C-DA6D-428A-AF48-22D4D69066AF} = {B816E97D-55F0-42AA-B642-73D3F123AB63}
		{AB63621B-777E-4A3B-BA13-482F0A4BEC60} = {60A3AE78-9A0E-4D6C-BDA3-D8CF692FE065}
		{D3B14DAC-469C-41E0-91EF-0034E64FA100} = {408DC50C-5909-463A-A37D-B40A74002ED6}
		{63229BFE-CFA2-472D-A835-1E21D186604C} = {D3B14DAC-469C-41E0-91EF-0034E64FA100}
		{B5148977-90C8-44CB-8D6B-762827F1BD09} = {D3B14DAC-469C-41E0-91EF-0034E64FA100}
		{4759BD04-9A40-4AC9-B220-47B06BEFAC7A} = {D3B14DAC-469C-41E0-91EF-0034E64FA100}
		{8C14FC30-33F9-40CF-A40C-A26123E4ECF7} = {D3B14DAC-469C-41E0-91EF-0034E64FA100}
		{A205DD43-41CC-42E4-B1A0-93978DABB85C} = {63229BFE-CFA2-472D-A835-1E21D186604C}
		{B03B130C-3E6B-43C2-B8C5-867FB0E3BE79} = {B5148977-90C8-44CB-8D6B-762827F1BD09}
		{24EB3A24-79FA-40E0-B3FC-97B2689B3B8D} = {4759BD04-9A40-4AC9-B220-47B06BEFAC7A}
		{3733159D-E34F-4DFA-8EF6-0BE2EE34099D} = {8C14FC30-33F9-40CF-A40C-A26123E4ECF7}
		{D5A0F673-4734-4D63-B16B-CAB0E5204877} = {E5321DD8-E736-4B9D-8A45-1F53B56A5B53}
	EndGlobalSection
	GlobalSection(ExtensibilityGlobals) = postSolution
		SolutionGuid = {7219934B-69ED-4F10-AF11-2D84B1A97DA0}
	EndGlobalSection
EndGlobal
